{
	"name": "financial-cc",
	"version": "0.1.0",
	"lockfileVersion": 1,
	"requires": true,
	"dependencies": {
		"@worldsibu/convector-core-controller": {
			"version": "1.2.1-0-alpha.57ce2bb4",
			"resolved": "https://registry.npmjs.org/@worldsibu/convector-core-controller/-/convector-core-controller-1.2.1-0-alpha.57ce2bb4.tgz",
			"integrity": "sha512-VW2vJi0o9zQrZsfiAsJvpQblm05mwZkVsnfrD4BAbRyRv5MMjcb/Tmnh0Ta85RdCVAH09Vbzm7FzBtJggUqpqw==",
			"requires": {
				"@worldsibu/convector-core-errors": "1.2.1-0-alpha.57ce2bb4",
				"@worldsibu/convector-core-model": "1.2.1-0-alpha.57ce2bb4",
				"tslib": "^1.9.0",
				"yup": "^0.26.10"
			},
			"dependencies": {
				"@babel/runtime": {
					"version": "7.0.0",
					"resolved": "https://registry.npmjs.org/@babel/runtime/-/runtime-7.0.0.tgz",
					"integrity": "sha512-7hGhzlcmg01CvH1EHdSPVXYX1aJ8KCEyz6I9xYIi/asDtzBPMyMhVibhM/K6g/5qnKBwjZtp10bNZIEFTRW1MA==",
					"requires": {
						"regenerator-runtime": "^0.12.0"
					}
				},
				"@worldsibu/convector-core-errors": {
					"version": "1.2.1-0-alpha.57ce2bb4",
					"resolved": "https://registry.npmjs.org/@worldsibu/convector-core-errors/-/convector-core-errors-1.2.1-0-alpha.57ce2bb4.tgz",
					"integrity": "sha512-2P8lgJSNGNM9vLcz8dajVyA69/LsAaHURiE4kb8k6SIkpLWw6o3y84pzN9Sa2DScVfpnGOlvlyTmqDGHk2f7xA==",
					"requires": {
						"tslib": "^1.9.0"
					}
				},
				"fn-name": {
					"version": "2.0.1",
					"resolved": "https://registry.npmjs.org/fn-name/-/fn-name-2.0.1.tgz",
					"integrity": "sha1-UhTXU3pNBqSjAcDMJi/rhBiAAuc="
				},
				"lodash": {
					"version": "4.17.11",
					"resolved": "https://registry.npmjs.org/lodash/-/lodash-4.17.11.tgz",
					"integrity": "sha512-cQKh8igo5QUhZ7lg38DYWAxMvjSAKG0A8wGSVimP07SIUEK2UO+arSRKbRZWtelMtN5V0Hkwh5ryOto/SshYIg=="
				},
				"property-expr": {
					"version": "1.5.1",
					"resolved": "https://registry.npmjs.org/property-expr/-/property-expr-1.5.1.tgz",
					"integrity": "sha512-CGuc0VUTGthpJXL36ydB6jnbyOf/rAHFvmVrJlH+Rg0DqqLFQGAP6hIaxD/G0OAmBJPhXDHuEJigrp0e0wFV6g=="
				},
				"regenerator-runtime": {
					"version": "0.12.1",
					"resolved": "https://registry.npmjs.org/regenerator-runtime/-/regenerator-runtime-0.12.1.tgz",
					"integrity": "sha512-odxIc1/vDlo4iZcfXqRYFj0vpXFNoGdKMAUieAlFYO6m/nl5e9KR/beGf41z4a1FI+aQgtjhuaSlDxQ0hmkrHg=="
				},
				"synchronous-promise": {
					"version": "2.0.6",
					"resolved": "https://registry.npmjs.org/synchronous-promise/-/synchronous-promise-2.0.6.tgz",
					"integrity": "sha512-TyOuWLwkmtPL49LHCX1caIwHjRzcVd62+GF6h8W/jHOeZUFHpnd2XJDVuUlaTaLPH1nuu2M69mfHr5XbQJnf/g=="
				},
				"toposort": {
					"version": "2.0.2",
					"resolved": "https://registry.npmjs.org/toposort/-/toposort-2.0.2.tgz",
					"integrity": "sha1-riF2gXXRVZ1IvvNUILL0li8JwzA="
				},
				"tslib": {
					"version": "1.9.3",
					"resolved": "https://registry.npmjs.org/tslib/-/tslib-1.9.3.tgz",
					"integrity": "sha512-4krF8scpejhaOgqzBEcGM7yDIEfi0/8+8zDRZhNZZ2kjmHJ4hv3zCbQWxoJGz1iw5U0Jl0nma13xzHXcncMavQ=="
				},
				"yup": {
					"version": "0.26.10",
					"resolved": "https://registry.npmjs.org/yup/-/yup-0.26.10.tgz",
					"integrity": "sha512-keuNEbNSnsOTOuGCt3UJW69jDE3O4P+UHAakO7vSeFMnjaitcmlbij/a3oNb9g1Y1KvSKH/7O1R2PQ4m4TRylw==",
					"requires": {
						"@babel/runtime": "7.0.0",
						"fn-name": "~2.0.1",
						"lodash": "^4.17.10",
						"property-expr": "^1.5.0",
						"synchronous-promise": "^2.0.5",
						"toposort": "^2.0.2"
					}
				}
			}
		},
		"@worldsibu/convector-core-model": {
			"version": "1.2.1-0-alpha.57ce2bb4",
			"resolved": "https://registry.npmjs.org/@worldsibu/convector-core-model/-/convector-core-model-1.2.1-0-alpha.57ce2bb4.tgz",
			"integrity": "sha512-4691wXqikBV29fPxkQDVS+LdwUyz1M+JgAM4BFsdosub1UxqKleX49pLORqainRhwLCplBgxobhhRP9i5Vt2Kg==",
			"requires": {
				"@worldsibu/convector-core-errors": "1.2.1-0-alpha.57ce2bb4",
				"@worldsibu/convector-core-storage": "1.2.1-0-alpha.57ce2bb4",
				"tslib": "^1.9.0",
				"yup": "^0.26.10"
			},
			"dependencies": {
				"@babel/runtime": {
					"version": "7.0.0",
					"resolved": "https://registry.npmjs.org/@babel/runtime/-/runtime-7.0.0.tgz",
					"integrity": "sha512-7hGhzlcmg01CvH1EHdSPVXYX1aJ8KCEyz6I9xYIi/asDtzBPMyMhVibhM/K6g/5qnKBwjZtp10bNZIEFTRW1MA==",
					"requires": {
						"regenerator-runtime": "^0.12.0"
					}
				},
				"@worldsibu/convector-core-errors": {
					"version": "1.2.1-0-alpha.57ce2bb4",
					"resolved": "https://registry.npmjs.org/@worldsibu/convector-core-errors/-/convector-core-errors-1.2.1-0-alpha.57ce2bb4.tgz",
					"integrity": "sha512-2P8lgJSNGNM9vLcz8dajVyA69/LsAaHURiE4kb8k6SIkpLWw6o3y84pzN9Sa2DScVfpnGOlvlyTmqDGHk2f7xA==",
					"requires": {
						"tslib": "^1.9.0"
					}
				},
				"@worldsibu/convector-core-storage": {
					"version": "1.2.1-0-alpha.57ce2bb4",
					"resolved": "https://registry.npmjs.org/@worldsibu/convector-core-storage/-/convector-core-storage-1.2.1-0-alpha.57ce2bb4.tgz",
					"integrity": "sha512-kVF+JnE2BwswWIIyen1o0Z3I7D/b8OVWaPwqearJpfDmxARPfxX+riVvCgoVOkeI+uahVLJaqfsrfzMEegg3xA==",
					"requires": {
						"@worldsibu/convector-core-errors": "1.2.1-0-alpha.57ce2bb4",
						"tslib": "^1.9.0"
					}
				},
				"fn-name": {
					"version": "2.0.1",
					"resolved": "https://registry.npmjs.org/fn-name/-/fn-name-2.0.1.tgz",
					"integrity": "sha1-UhTXU3pNBqSjAcDMJi/rhBiAAuc="
				},
				"lodash": {
					"version": "4.17.11",
					"resolved": "https://registry.npmjs.org/lodash/-/lodash-4.17.11.tgz",
					"integrity": "sha512-cQKh8igo5QUhZ7lg38DYWAxMvjSAKG0A8wGSVimP07SIUEK2UO+arSRKbRZWtelMtN5V0Hkwh5ryOto/SshYIg=="
				},
				"property-expr": {
					"version": "1.5.1",
					"resolved": "https://registry.npmjs.org/property-expr/-/property-expr-1.5.1.tgz",
					"integrity": "sha512-CGuc0VUTGthpJXL36ydB6jnbyOf/rAHFvmVrJlH+Rg0DqqLFQGAP6hIaxD/G0OAmBJPhXDHuEJigrp0e0wFV6g=="
				},
				"regenerator-runtime": {
					"version": "0.12.1",
					"resolved": "https://registry.npmjs.org/regenerator-runtime/-/regenerator-runtime-0.12.1.tgz",
					"integrity": "sha512-odxIc1/vDlo4iZcfXqRYFj0vpXFNoGdKMAUieAlFYO6m/nl5e9KR/beGf41z4a1FI+aQgtjhuaSlDxQ0hmkrHg=="
				},
				"synchronous-promise": {
					"version": "2.0.6",
					"resolved": "https://registry.npmjs.org/synchronous-promise/-/synchronous-promise-2.0.6.tgz",
					"integrity": "sha512-TyOuWLwkmtPL49LHCX1caIwHjRzcVd62+GF6h8W/jHOeZUFHpnd2XJDVuUlaTaLPH1nuu2M69mfHr5XbQJnf/g=="
				},
				"toposort": {
					"version": "2.0.2",
					"resolved": "https://registry.npmjs.org/toposort/-/toposort-2.0.2.tgz",
					"integrity": "sha1-riF2gXXRVZ1IvvNUILL0li8JwzA="
				},
				"tslib": {
					"version": "1.9.3",
					"resolved": "https://registry.npmjs.org/tslib/-/tslib-1.9.3.tgz",
					"integrity": "sha512-4krF8scpejhaOgqzBEcGM7yDIEfi0/8+8zDRZhNZZ2kjmHJ4hv3zCbQWxoJGz1iw5U0Jl0nma13xzHXcncMavQ=="
				},
				"yup": {
					"version": "0.26.10",
					"resolved": "https://registry.npmjs.org/yup/-/yup-0.26.10.tgz",
					"integrity": "sha512-keuNEbNSnsOTOuGCt3UJW69jDE3O4P+UHAakO7vSeFMnjaitcmlbij/a3oNb9g1Y1KvSKH/7O1R2PQ4m4TRylw==",
					"requires": {
						"@babel/runtime": "7.0.0",
						"fn-name": "~2.0.1",
						"lodash": "^4.17.10",
						"property-expr": "^1.5.0",
						"synchronous-promise": "^2.0.5",
						"toposort": "^2.0.2"
					}
				}
			}
		}
	}
}
