{
	"name": "financial-cc",
	"version": "0.1.0",
	"lockfileVersion": 1,
	"requires": true,
	"dependencies": {
		"yup": {
			"version": "0.26.10",
			"resolved": "https://registry.npmjs.org/yup/-/yup-0.26.10.tgz",
			"integrity": "sha512-keuNEbNSnsOTOuGCt3UJW69jDE3O4P+UHAakO7vSeFMnjaitcmlbij/a3oNb9g1Y1KvSKH/7O1R2PQ4m4TRylw==",
			"requires": {
				"@babel/runtime": "7.0.0",
				"fn-name": "~2.0.1",
				"lodash": "^4.17.10",
				"property-expr": "^1.5.0",
				"synchronous-promise": "^2.0.5",
				"toposort": "^2.0.2"
			},
			"dependencies": {
				"@babel/runtime": {
					"version": "7.0.0",
					"resolved": "https://registry.npmjs.org/@babel/runtime/-/runtime-7.0.0.tgz",
					"integrity": "sha512-7hGhzlcmg01CvH1EHdSPVXYX1aJ8KCEyz6I9xYIi/asDtzBPMyMhVibhM/K6g/5qnKBwjZtp10bNZIEFTRW1MA==",
					"requires": {
						"regenerator-runtime": "^0.12.0"
					}
				},
				"fn-name": {
					"version": "2.0.1",
					"resolved": "https://registry.npmjs.org/fn-name/-/fn-name-2.0.1.tgz",
					"integrity": "sha1-UhTXU3pNBqSjAcDMJi/rhBiAAuc="
				},
				"lodash": {
					"version": "4.17.15",
					"resolved": "https://registry.npmjs.org/lodash/-/lodash-4.17.15.tgz",
					"integrity": "sha512-8xOcRHvCjnocdS5cpwXQXVzmmh5e5+saE2QGoeQmbKmRS6J3VQppPOIt0MnmE+4xlZoumy0GPG0D0MVIQbNA1A=="
				},
				"property-expr": {
					"version": "1.5.1",
					"resolved": "https://registry.npmjs.org/property-expr/-/property-expr-1.5.1.tgz",
					"integrity": "sha512-CGuc0VUTGthpJXL36ydB6jnbyOf/rAHFvmVrJlH+Rg0DqqLFQGAP6hIaxD/G0OAmBJPhXDHuEJigrp0e0wFV6g=="
				},
				"regenerator-runtime": {
					"version": "0.12.1",
					"resolved": "https://registry.npmjs.org/regenerator-runtime/-/regenerator-runtime-0.12.1.tgz",
					"integrity": "sha512-odxIc1/vDlo4iZcfXqRYFj0vpXFNoGdKMAUieAlFYO6m/nl5e9KR/beGf41z4a1FI+aQgtjhuaSlDxQ0hmkrHg=="
				},
				"synchronous-promise": {
					"version": "2.0.9",
					"resolved": "https://registry.npmjs.org/synchronous-promise/-/synchronous-promise-2.0.9.tgz",
					"integrity": "sha512-LO95GIW16x69LuND1nuuwM4pjgFGupg7pZ/4lU86AmchPKrhk0o2tpMU2unXRrqo81iAFe1YJ0nAGEVwsrZAgg=="
				},
				"toposort": {
					"version": "2.0.2",
					"resolved": "https://registry.npmjs.org/toposort/-/toposort-2.0.2.tgz",
					"integrity": "sha1-riF2gXXRVZ1IvvNUILL0li8JwzA="
				}
			}
		}
	}
}
